
Microsoft Visual Studio Solution File, Format Version 12.00
# Visual Studio Version 16
VisualStudioVersion = 16.0.31025.194
MinimumVisualStudioVersion = 10.0.40219.1
Project("{FAE04EC0-301F-11D3-BF4B-00C04F79EFBC}") = "SalesWebMvc", "SalesWebMvc\SalesWebMvc.csproj", "{EC044B4E-FCE6-4654-AE99-9E54CBBE35BB}"
EndProject
Global
	GlobalSection(SolutionConfigurationPlatforms) = preSolution
		Debug|Any CPU = Debug|Any CPU
		Release|Any CPU = Release|Any CPU
	EndGlobalSection
	GlobalSection(ProjectConfigurationPlatforms) = postSolution
		{EC044B4E-FCE6-4654-AE99-9E54CBBE35BB}.Debug|Any CPU.ActiveCfg = Debug|Any CPU
		{EC044B4E-FCE6-4654-AE99-9E54CBBE35BB}.Debug|Any CPU.Build.0 = Debug|Any CPU
		{EC044B4E-FCE6-4654-AE99-9E54CBBE35BB}.Release|Any CPU.ActiveCfg = Release|Any CPU
		{EC044B4E-FCE6-4654-AE99-9E54CBBE35BB}.Release|Any CPU.Build.0 = Release|Any CPU
	EndGlobalSection
	GlobalSection(SolutionProperties) = preSolution
		HideSolutionNode = FALSE
	EndGlobalSection
	GlobalSection(ExtensibilityGlobals) = postSolution
		SolutionGuid = {8887CA04-9B40-474B-AF1E-0BB6F0C95435}
	EndGlobalSection
EndGlobal
